
Microsoft Visual Studio Solution File, Format Version 12.00
# Visual Studio 15
Project("{FAE04EC0-301F-11D3-BF4B-00C04F79EFBC}") = "Meryel.CodeAssist.Editor", "Meryel.CodeAssist.Editor.csproj", "{86EF1928-59C2-F088-A2D6-4A3843F55225}"
EndProject
Project("{FAE04EC0-301F-11D3-BF4B-00C04F79EFBC}") = "Assembly-CSharp", "Assembly-CSharp.csproj", "{E3A44EB5-95A9-F125-4F7C-9EE1DC52EEDA}"
EndProject
Global
	GlobalSection(SolutionConfigurationPlatforms) = preSolution
		Debug|Any CPU = Debug|Any CPU
		Release|Any CPU = Release|Any CPU
	EndGlobalSection
	GlobalSection(ProjectConfigurationPlatforms) = postSolution
		{86EF1928-59C2-F088-A2D6-4A3843F55225}.Debug|Any CPU.ActiveCfg = Debug|Any CPU
		{86EF1928-59C2-F088-A2D6-4A3843F55225}.Debug|Any CPU.Build.0 = Debug|Any CPU
		{86EF1928-59C2-F088-A2D6-4A3843F55225}.Release|Any CPU.ActiveCfg = Release|Any CPU
		{86EF1928-59C2-F088-A2D6-4A3843F55225}.Release|Any CPU.Build.0 = Release|Any CPU
		{E3A44EB5-95A9-F125-4F7C-9EE1DC52EEDA}.Debug|Any CPU.ActiveCfg = Debug|Any CPU
		{E3A44EB5-95A9-F125-4F7C-9EE1DC52EEDA}.Debug|Any CPU.Build.0 = Debug|Any CPU
		{E3A44EB5-95A9-F125-4F7C-9EE1DC52EEDA}.Release|Any CPU.ActiveCfg = Release|Any CPU
		{E3A44EB5-95A9-F125-4F7C-9EE1DC52EEDA}.Release|Any CPU.Build.0 = Release|Any CPU
	EndGlobalSection
	GlobalSection(SolutionProperties) = preSolution
		HideSolutionNode = FALSE
	EndGlobalSection
EndGlobal
